
Microsoft Visual Studio Solution File, Format Version 12.00
# Visual Studio Version 17
VisualStudioVersion = 17.11.35312.102
MinimumVisualStudioVersion = 10.0.40219.1
Project("{FAE04EC0-301F-11D3-BF4B-00C04F79EFBC}") = "GomezGallery.Domain", "GomezGallery.Domain\GomezGallery.Domain.csproj", "{4A5B72E2-5A2D-42A7-83AB-A5B11AEE64A4}"
EndProject
Project("{FAE04EC0-301F-11D3-BF4B-00C04F79EFBC}") = "GomezGallery.WebUI", "GomezGallery.WebUI\GomezGallery.WebUI.csproj", "{992DB341-9D93-436D-86EB-F7D0CF93E9F4}"
EndProject
Global
	GlobalSection(SolutionConfigurationPlatforms) = preSolution
		Debug|Any CPU = Debug|Any CPU
		Release|Any CPU = Release|Any CPU
	EndGlobalSection
	GlobalSection(ProjectConfigurationPlatforms) = postSolution
		{4A5B72E2-5A2D-42A7-83AB-A5B11AEE64A4}.Debug|Any CPU.ActiveCfg = Debug|Any CPU
		{4A5B72E2-5A2D-42A7-83AB-A5B11AEE64A4}.Debug|Any CPU.Build.0 = Debug|Any CPU
		{4A5B72E2-5A2D-42A7-83AB-A5B11AEE64A4}.Release|Any CPU.ActiveCfg = Release|Any CPU
		{4A5B72E2-5A2D-42A7-83AB-A5B11AEE64A4}.Release|Any CPU.Build.0 = Release|Any CPU
		{992DB341-9D93-436D-86EB-F7D0CF93E9F4}.Debug|Any CPU.ActiveCfg = Debug|Any CPU
		{992DB341-9D93-436D-86EB-F7D0CF93E9F4}.Debug|Any CPU.Build.0 = Debug|Any CPU
		{992DB341-9D93-436D-86EB-F7D0CF93E9F4}.Release|Any CPU.ActiveCfg = Release|Any CPU
		{992DB341-9D93-436D-86EB-F7D0CF93E9F4}.Release|Any CPU.Build.0 = Release|Any CPU
	EndGlobalSection
	GlobalSection(SolutionProperties) = preSolution
		HideSolutionNode = FALSE
	EndGlobalSection
	GlobalSection(ExtensibilityGlobals) = postSolution
		SolutionGuid = {C9A73A2E-1BEB-49FC-ABEF-509AC36174B4}
	EndGlobalSection
EndGlobal
